
Microsoft Visual Studio Solution File, Format Version 12.00
# Visual Studio 2015
Project("{FAE04EC0-301F-11D3-BF4B-00C04F79EFBC}") = "wg_laserblobs.CSharp", "wg_laserblobs.CSharp.csproj", "{5D7BCE28-5998-D30C-2D5D-056289107A9E}"
EndProject
Project("{FAE04EC0-301F-11D3-BF4B-00C04F79EFBC}") = "wg_laserblobs.CSharp.Editor", "wg_laserblobs.CSharp.Editor.csproj", "{A0FC3B70-1B5D-CAB0-FFC0-52BBECDC0BF4}"
EndProject
Global
	GlobalSection(SolutionConfigurationPlatforms) = preSolution
		Debug|Any CPU = Debug|Any CPU
		Release|Any CPU = Release|Any CPU
	EndGlobalSection
	GlobalSection(ProjectConfigurationPlatforms) = postSolution
		{5D7BCE28-5998-D30C-2D5D-056289107A9E}.Debug|Any CPU.ActiveCfg = Debug|Any CPU
		{5D7BCE28-5998-D30C-2D5D-056289107A9E}.Debug|Any CPU.Build.0 = Debug|Any CPU
		{5D7BCE28-5998-D30C-2D5D-056289107A9E}.Release|Any CPU.ActiveCfg = Release|Any CPU
		{5D7BCE28-5998-D30C-2D5D-056289107A9E}.Release|Any CPU.Build.0 = Release|Any CPU
		{A0FC3B70-1B5D-CAB0-FFC0-52BBECDC0BF4}.Debug|Any CPU.ActiveCfg = Debug|Any CPU
		{A0FC3B70-1B5D-CAB0-FFC0-52BBECDC0BF4}.Debug|Any CPU.Build.0 = Debug|Any CPU
		{A0FC3B70-1B5D-CAB0-FFC0-52BBECDC0BF4}.Release|Any CPU.ActiveCfg = Release|Any CPU
		{A0FC3B70-1B5D-CAB0-FFC0-52BBECDC0BF4}.Release|Any CPU.Build.0 = Release|Any CPU
	EndGlobalSection
	GlobalSection(SolutionProperties) = preSolution
		HideSolutionNode = FALSE
	EndGlobalSection
EndGlobal
